
Microsoft Visual Studio Solution File, Format Version 12.00
# Visual Studio 14
VisualStudioVersion = 14.0.25420.1
MinimumVisualStudioVersion = 10.0.40219.1
Project("{FAE04EC0-301F-11D3-BF4B-00C04F79EFBC}") = "DCTechnologySolutions", "DCTechnologySolutions\DCTechnologySolutions.csproj", "{34224878-CC8F-424F-8BE3-B21B742F570E}"
EndProject
Project("{FAE04EC0-301F-11D3-BF4B-00C04F79EFBC}") = "DCTechnologySolutions.Tests", "DCTechnologySolutions.Tests\DCTechnologySolutions.Tests.csproj", "{EA6AD5AD-5FDA-4B8A-BCA3-BC0B737D8316}"
EndProject
Global
	GlobalSection(SolutionConfigurationPlatforms) = preSolution
		Debug|Any CPU = Debug|Any CPU
		Release|Any CPU = Release|Any CPU
	EndGlobalSection
	GlobalSection(ProjectConfigurationPlatforms) = postSolution
		{34224878-CC8F-424F-8BE3-B21B742F570E}.Debug|Any CPU.ActiveCfg = Debug|Any CPU
		{34224878-CC8F-424F-8BE3-B21B742F570E}.Debug|Any CPU.Build.0 = Debug|Any CPU
		{34224878-CC8F-424F-8BE3-B21B742F570E}.Release|Any CPU.ActiveCfg = Release|Any CPU
		{34224878-CC8F-424F-8BE3-B21B742F570E}.Release|Any CPU.Build.0 = Release|Any CPU
		{EA6AD5AD-5FDA-4B8A-BCA3-BC0B737D8316}.Debug|Any CPU.ActiveCfg = Debug|Any CPU
		{EA6AD5AD-5FDA-4B8A-BCA3-BC0B737D8316}.Debug|Any CPU.Build.0 = Debug|Any CPU
		{EA6AD5AD-5FDA-4B8A-BCA3-BC0B737D8316}.Release|Any CPU.ActiveCfg = Release|Any CPU
		{EA6AD5AD-5FDA-4B8A-BCA3-BC0B737D8316}.Release|Any CPU.Build.0 = Release|Any CPU
	EndGlobalSection
	GlobalSection(SolutionProperties) = preSolution
		HideSolutionNode = FALSE
	EndGlobalSection
EndGlobal
